// !$*UTF8*$!
{
	archiveVersion = 1;
	classes = {
	};
	objectVersion = 51;
	objects = {

/* Begin PBXBuildFile section */
		05E1A932B8881F5C7120DAB2 /* Pods_SkaudAssignmentTests.framework in Frameworks */ = {isa = PBXBuildFile; fileRef = C1C477D3683E274DC25C656D /* Pods_SkaudAssignmentTests.framework */; };
		9569D9EF80CFAD55039C18ED /* Pods_SkaudAssignment.framework in Frameworks */ = {isa = PBXBuildFile; fileRef = D546243F5536475A7515CF3B /* Pods_SkaudAssignment.framework */; };
		BD110BAD25F752F700FA977B /* ActivityLoaderCV.xib in Resources */ = {isa = PBXBuildFile; fileRef = BD110BAB25F752F700FA977B /* ActivityLoaderCV.xib */; };
		BD110BAE25F752F700FA977B /* ActivityLoaderCV.swift in Sources */ = {isa = PBXBuildFile; fileRef = BD110BAC25F752F700FA977B /* ActivityLoaderCV.swift */; };
		BD110BB025F795BA00FA977B /* ImagePreviewViewController+Extenions.swift in Sources */ = {isa = PBXBuildFile; fileRef = BD110BAF25F795BA00FA977B /* ImagePreviewViewController+Extenions.swift */; };
		BD181CBA25F4982300F07101 /* ImagesViewController.swift in Sources */ = {isa = PBXBuildFile; fileRef = BD181CB925F4982300F07101 /* ImagesViewController.swift */; };
		BD181CBC25F4A8BD00F07101 /* ImageResponse.swift in Sources */ = {isa = PBXBuildFile; fileRef = BD181CBB25F4A8BD00F07101 /* ImageResponse.swift */; };
		BD181D0625F4CF3300F07101 /* ImageResources.swift in Sources */ = {isa = PBXBuildFile; fileRef = BD181D0525F4CF3300F07101 /* ImageResources.swift */; };
		BD181D0825F4D1F300F07101 /* QueryRequest.swift in Sources */ = {isa = PBXBuildFile; fileRef = BD181D0725F4D1F300F07101 /* QueryRequest.swift */; };
		BD181D0B25F4D39600F07101 /* SearchViewController+Extensions.swift in Sources */ = {isa = PBXBuildFile; fileRef = BD181D0A25F4D39600F07101 /* SearchViewController+Extensions.swift */; };
		BD181D0D25F5F0B200F07101 /* Array+Extensions.swift in Sources */ = {isa = PBXBuildFile; fileRef = BD181D0C25F5F0B200F07101 /* Array+Extensions.swift */; };
		BD181D0F25F5F4F400F07101 /* UserDefaultKeys.swift in Sources */ = {isa = PBXBuildFile; fileRef = BD181D0E25F5F4F400F07101 /* UserDefaultKeys.swift */; };
		BD181D1125F5F52E00F07101 /* Identifiers.swift in Sources */ = {isa = PBXBuildFile; fileRef = BD181D1025F5F52E00F07101 /* Identifiers.swift */; };
		BD181D1325F6139D00F07101 /* ImagesViewController+Extensions.swift in Sources */ = {isa = PBXBuildFile; fileRef = BD181D1225F6139D00F07101 /* ImagesViewController+Extensions.swift */; };
		BD181D1625F616F700F07101 /* ImageCell.swift in Sources */ = {isa = PBXBuildFile; fileRef = BD181D1525F616F700F07101 /* ImageCell.swift */; };
		BD181D1D25F63BD800F07101 /* ImagePreviewViewController.swift in Sources */ = {isa = PBXBuildFile; fileRef = BD181D1C25F63BD800F07101 /* ImagePreviewViewController.swift */; };
		BD181D1F25F643D400F07101 /* ImagePreviewCell.swift in Sources */ = {isa = PBXBuildFile; fileRef = BD181D1E25F643D400F07101 /* ImagePreviewCell.swift */; };
		BD181D2125F646B500F07101 /* QueryRequestById.swift in Sources */ = {isa = PBXBuildFile; fileRef = BD181D2025F646B500F07101 /* QueryRequestById.swift */; };
		BDDF5A7625F39D4700DF179A /* AppDelegate.swift in Sources */ = {isa = PBXBuildFile; fileRef = BDDF5A7525F39D4700DF179A /* AppDelegate.swift */; };
		BDDF5A7D25F39D4700DF179A /* Main.storyboard in Resources */ = {isa = PBXBuildFile; fileRef = BDDF5A7B25F39D4700DF179A /* Main.storyboard */; };
		BDDF5A8225F39D4800DF179A /* Assets.xcassets in Resources */ = {isa = PBXBuildFile; fileRef = BDDF5A8125F39D4800DF179A /* Assets.xcassets */; };
		BDDF5A8525F39D4800DF179A /* LaunchScreen.storyboard in Resources */ = {isa = PBXBuildFile; fileRef = BDDF5A8325F39D4800DF179A /* LaunchScreen.storyboard */; };
		BDDF5A9025F39D4900DF179A /* SkaudAssignmentTests.swift in Sources */ = {isa = PBXBuildFile; fileRef = BDDF5A8F25F39D4900DF179A /* SkaudAssignmentTests.swift */; };
		BDDF5A9C25F3A1F200DF179A /* SearchViewController.swift in Sources */ = {isa = PBXBuildFile; fileRef = BDDF5A9B25F3A1F200DF179A /* SearchViewController.swift */; };
		BDDF5AA025F3B8A700DF179A /* HttpUtility.swift in Sources */ = {isa = PBXBuildFile; fileRef = BDDF5A9F25F3B8A700DF179A /* HttpUtility.swift */; };
		BDDF5AA125F3B8A700DF179A /* HttpUtility.swift in Sources */ = {isa = PBXBuildFile; fileRef = BDDF5A9F25F3B8A700DF179A /* HttpUtility.swift */; };
		BDDF5AA425F3B96500DF179A /* Endpoints.swift in Sources */ = {isa = PBXBuildFile; fileRef = BDDF5AA325F3B96500DF179A /* Endpoints.swift */; };
/* End PBXBuildFile section */

/* Begin PBXContainerItemProxy section */
		BDDF5A8C25F39D4900DF179A /* PBXContainerItemProxy */ = {
			isa = PBXContainerItemProxy;
			containerPortal = BDDF5A6A25F39D4700DF179A /* Project object */;
			proxyType = 1;
			remoteGlobalIDString = BDDF5A7125F39D4700DF179A;
			remoteInfo = SkaudAssignment;
		};
/* End PBXContainerItemProxy section */

/* Begin PBXFileReference section */
		27A286B67B11340B21AE5DF3 /* Pods-SkaudAssignment.debug.xcconfig */ = {isa = PBXFileReference; includeInIndex = 1; lastKnownFileType = text.xcconfig; name = "Pods-SkaudAssignment.debug.xcconfig"; path = "Target Support Files/Pods-SkaudAssignment/Pods-SkaudAssignment.debug.xcconfig"; sourceTree = "<group>"; };
		8BB2C5A533AD4B91AC02F639 /* Pods-SkaudAssignmentTests.debug.xcconfig */ = {isa = PBXFileReference; includeInIndex = 1; lastKnownFileType = text.xcconfig; name = "Pods-SkaudAssignmentTests.debug.xcconfig"; path = "Target Support Files/Pods-SkaudAssignmentTests/Pods-SkaudAssignmentTests.debug.xcconfig"; sourceTree = "<group>"; };
		BD110BAB25F752F700FA977B /* ActivityLoaderCV.xib */ = {isa = PBXFileReference; fileEncoding = 4; lastKnownFileType = file.xib; path = ActivityLoaderCV.xib; sourceTree = "<group>"; };
		BD110BAC25F752F700FA977B /* ActivityLoaderCV.swift */ = {isa = PBXFileReference; fileEncoding = 4; lastKnownFileType = sourcecode.swift; path = ActivityLoaderCV.swift; sourceTree = "<group>"; };
		BD110BAF25F795BA00FA977B /* ImagePreviewViewController+Extenions.swift */ = {isa = PBXFileReference; lastKnownFileType = sourcecode.swift; path = "ImagePreviewViewController+Extenions.swift"; sourceTree = "<group>"; };
		BD181CB925F4982300F07101 /* ImagesViewController.swift */ = {isa = PBXFileReference; lastKnownFileType = sourcecode.swift; path = ImagesViewController.swift; sourceTree = "<group>"; };
		BD181CBB25F4A8BD00F07101 /* ImageResponse.swift */ = {isa = PBXFileReference; lastKnownFileType = sourcecode.swift; path = ImageResponse.swift; sourceTree = "<group>"; };
		BD181D0525F4CF3300F07101 /* ImageResources.swift */ = {isa = PBXFileReference; lastKnownFileType = sourcecode.swift; path = ImageResources.swift; sourceTree = "<group>"; };
		BD181D0725F4D1F300F07101 /* QueryRequest.swift */ = {isa = PBXFileReference; lastKnownFileType = sourcecode.swift; path = QueryRequest.swift; sourceTree = "<group>"; };
		BD181D0A25F4D39600F07101 /* SearchViewController+Extensions.swift */ = {isa = PBXFileReference; lastKnownFileType = sourcecode.swift; path = "SearchViewController+Extensions.swift"; sourceTree = "<group>"; };
		BD181D0C25F5F0B200F07101 /* Array+Extensions.swift */ = {isa = PBXFileReference; lastKnownFileType = sourcecode.swift; path = "Array+Extensions.swift"; sourceTree = "<group>"; };
		BD181D0E25F5F4F400F07101 /* UserDefaultKeys.swift */ = {isa = PBXFileReference; lastKnownFileType = sourcecode.swift; path = UserDefaultKeys.swift; sourceTree = "<group>"; };
		BD181D1025F5F52E00F07101 /* Identifiers.swift */ = {isa = PBXFileReference; lastKnownFileType = sourcecode.swift; path = Identifiers.swift; sourceTree = "<group>"; };
		BD181D1225F6139D00F07101 /* ImagesViewController+Extensions.swift */ = {isa = PBXFileReference; lastKnownFileType = sourcecode.swift; path = "ImagesViewController+Extensions.swift"; sourceTree = "<group>"; };
		BD181D1525F616F700F07101 /* ImageCell.swift */ = {isa = PBXFileReference; lastKnownFileType = sourcecode.swift; path = ImageCell.swift; sourceTree = "<group>"; };
		BD181D1C25F63BD800F07101 /* ImagePreviewViewController.swift */ = {isa = PBXFileReference; lastKnownFileType = sourcecode.swift; path = ImagePreviewViewController.swift; sourceTree = "<group>"; };
		BD181D1E25F643D400F07101 /* ImagePreviewCell.swift */ = {isa = PBXFileReference; lastKnownFileType = sourcecode.swift; path = ImagePreviewCell.swift; sourceTree = "<group>"; };
		BD181D2025F646B500F07101 /* QueryRequestById.swift */ = {isa = PBXFileReference; lastKnownFileType = sourcecode.swift; path = QueryRequestById.swift; sourceTree = "<group>"; };
		BDDF5A7225F39D4700DF179A /* SkaudAssignment.app */ = {isa = PBXFileReference; explicitFileType = wrapper.application; includeInIndex = 0; path = SkaudAssignment.app; sourceTree = BUILT_PRODUCTS_DIR; };
		BDDF5A7525F39D4700DF179A /* AppDelegate.swift */ = {isa = PBXFileReference; lastKnownFileType = sourcecode.swift; path = AppDelegate.swift; sourceTree = "<group>"; };
		BDDF5A7C25F39D4700DF179A /* Base */ = {isa = PBXFileReference; lastKnownFileType = file.storyboard; name = Base; path = Base.lproj/Main.storyboard; sourceTree = "<group>"; };
		BDDF5A8125F39D4800DF179A /* Assets.xcassets */ = {isa = PBXFileReference; lastKnownFileType = folder.assetcatalog; path = Assets.xcassets; sourceTree = "<group>"; };
		BDDF5A8425F39D4800DF179A /* Base */ = {isa = PBXFileReference; lastKnownFileType = file.storyboard; name = Base; path = Base.lproj/LaunchScreen.storyboard; sourceTree = "<group>"; };
		BDDF5A8625F39D4800DF179A /* Info.plist */ = {isa = PBXFileReference; lastKnownFileType = text.plist.xml; path = Info.plist; sourceTree = "<group>"; };
		BDDF5A8B25F39D4900DF179A /* SkaudAssignmentTests.xctest */ = {isa = PBXFileReference; explicitFileType = wrapper.cfbundle; includeInIndex = 0; path = SkaudAssignmentTests.xctest; sourceTree = BUILT_PRODUCTS_DIR; };
		BDDF5A8F25F39D4900DF179A /* SkaudAssignmentTests.swift */ = {isa = PBXFileReference; lastKnownFileType = sourcecode.swift; path = SkaudAssignmentTests.swift; sourceTree = "<group>"; };
		BDDF5A9125F39D4900DF179A /* Info.plist */ = {isa = PBXFileReference; lastKnownFileType = text.plist.xml; path = Info.plist; sourceTree = "<group>"; };
		BDDF5A9B25F3A1F200DF179A /* SearchViewController.swift */ = {isa = PBXFileReference; lastKnownFileType = sourcecode.swift; path = SearchViewController.swift; sourceTree = "<group>"; };
		BDDF5A9F25F3B8A700DF179A /* HttpUtility.swift */ = {isa = PBXFileReference; lastKnownFileType = sourcecode.swift; path = HttpUtility.swift; sourceTree = "<group>"; };
		BDDF5AA325F3B96500DF179A /* Endpoints.swift */ = {isa = PBXFileReference; lastKnownFileType = sourcecode.swift; path = Endpoints.swift; sourceTree = "<group>"; };
		C1C477D3683E274DC25C656D /* Pods_SkaudAssignmentTests.framework */ = {isa = PBXFileReference; explicitFileType = wrapper.framework; includeInIndex = 0; path = Pods_SkaudAssignmentTests.framework; sourceTree = BUILT_PRODUCTS_DIR; };
		D0082F7360813D71AF5EC751 /* Pods-SkaudAssignment.release.xcconfig */ = {isa = PBXFileReference; includeInIndex = 1; lastKnownFileType = text.xcconfig; name = "Pods-SkaudAssignment.release.xcconfig"; path = "Target Support Files/Pods-SkaudAssignment/Pods-SkaudAssignment.release.xcconfig"; sourceTree = "<group>"; };
		D546243F5536475A7515CF3B /* Pods_SkaudAssignment.framework */ = {isa = PBXFileReference; explicitFileType = wrapper.framework; includeInIndex = 0; path = Pods_SkaudAssignment.framework; sourceTree = BUILT_PRODUCTS_DIR; };
		F9A94405EF31A96287A1A2DD /* Pods-SkaudAssignmentTests.release.xcconfig */ = {isa = PBXFileReference; includeInIndex = 1; lastKnownFileType = text.xcconfig; name = "Pods-SkaudAssignmentTests.release.xcconfig"; path = "Target Support Files/Pods-SkaudAssignmentTests/Pods-SkaudAssignmentTests.release.xcconfig"; sourceTree = "<group>"; };
/* End PBXFileReference section */

/* Begin PBXFrameworksBuildPhase section */
		BDDF5A6F25F39D4700DF179A /* Frameworks */ = {
			isa = PBXFrameworksBuildPhase;
			buildActionMask = 2147483647;
			files = (
				9569D9EF80CFAD55039C18ED /* Pods_SkaudAssignment.framework in Frameworks */,
			);
			runOnlyForDeploymentPostprocessing = 0;
		};
		BDDF5A8825F39D4900DF179A /* Frameworks */ = {
			isa = PBXFrameworksBuildPhase;
			buildActionMask = 2147483647;
			files = (
				05E1A932B8881F5C7120DAB2 /* Pods_SkaudAssignmentTests.framework in Frameworks */,
			);
			runOnlyForDeploymentPostprocessing = 0;
		};
/* End PBXFrameworksBuildPhase section */

/* Begin PBXGroup section */
		A8F714B7F338CAA538DDA2CE /* Pods */ = {
			isa = PBXGroup;
			children = (
				27A286B67B11340B21AE5DF3 /* Pods-SkaudAssignment.debug.xcconfig */,
				D0082F7360813D71AF5EC751 /* Pods-SkaudAssignment.release.xcconfig */,
				8BB2C5A533AD4B91AC02F639 /* Pods-SkaudAssignmentTests.debug.xcconfig */,
				F9A94405EF31A96287A1A2DD /* Pods-SkaudAssignmentTests.release.xcconfig */,
			);
			path = Pods;
			sourceTree = "<group>";
		};
		B951B673A5B8AF6689347ECD /* Frameworks */ = {
			isa = PBXGroup;
			children = (
				D546243F5536475A7515CF3B /* Pods_SkaudAssignment.framework */,
				C1C477D3683E274DC25C656D /* Pods_SkaudAssignmentTests.framework */,
			);
			name = Frameworks;
			sourceTree = "<group>";
		};
		BD181D0425F4CF1F00F07101 /* ImageResourceAsseccor */ = {
			isa = PBXGroup;
			children = (
				BD181D0525F4CF3300F07101 /* ImageResources.swift */,
			);
			path = ImageResourceAsseccor;
			sourceTree = "<group>";
		};
		BD181D0925F4D37B00F07101 /* Extensions */ = {
			isa = PBXGroup;
			children = (
				BD181D0A25F4D39600F07101 /* SearchViewController+Extensions.swift */,
				BD181D1225F6139D00F07101 /* ImagesViewController+Extensions.swift */,
				BD181D0C25F5F0B200F07101 /* Array+Extensions.swift */,
				BD110BAF25F795BA00FA977B /* ImagePreviewViewController+Extenions.swift */,
			);
			path = Extensions;
			sourceTree = "<group>";
		};
		BD181D1425F616BB00F07101 /* View */ = {
			isa = PBXGroup;
			children = (
				BD110BAC25F752F700FA977B /* ActivityLoaderCV.swift */,
				BD110BAB25F752F700FA977B /* ActivityLoaderCV.xib */,
				BD181D1525F616F700F07101 /* ImageCell.swift */,
				BD181D1E25F643D400F07101 /* ImagePreviewCell.swift */,
			);
			path = View;
			sourceTree = "<group>";
		};
		BDDF5A6925F39D4700DF179A = {
			isa = PBXGroup;
			children = (
				BDDF5A7425F39D4700DF179A /* SkaudAssignment */,
				BDDF5A8E25F39D4900DF179A /* SkaudAssignmentTests */,
				BDDF5A7325F39D4700DF179A /* Products */,
				A8F714B7F338CAA538DDA2CE /* Pods */,
				B951B673A5B8AF6689347ECD /* Frameworks */,
			);
			sourceTree = "<group>";
		};
		BDDF5A7325F39D4700DF179A /* Products */ = {
			isa = PBXGroup;
			children = (
				BDDF5A7225F39D4700DF179A /* SkaudAssignment.app */,
				BDDF5A8B25F39D4900DF179A /* SkaudAssignmentTests.xctest */,
			);
			name = Products;
			sourceTree = "<group>";
		};
		BDDF5A7425F39D4700DF179A /* SkaudAssignment */ = {
			isa = PBXGroup;
			children = (
				BD181D0425F4CF1F00F07101 /* ImageResourceAsseccor */,
				BDDF5AA225F3B94800DF179A /* Constant */,
				BDDF5A9E25F3B88000DF179A /* HttpUtility */,
				BDDF5A9D25F3A20600DF179A /* Model */,
				BD181D1425F616BB00F07101 /* View */,
				BDDF5A9A25F3A1C200DF179A /* Controller */,
				BDDF5A7525F39D4700DF179A /* AppDelegate.swift */,
				BDDF5A7B25F39D4700DF179A /* Main.storyboard */,
				BDDF5A8125F39D4800DF179A /* Assets.xcassets */,
				BDDF5A8325F39D4800DF179A /* LaunchScreen.storyboard */,
				BDDF5A8625F39D4800DF179A /* Info.plist */,
			);
			path = SkaudAssignment;
			sourceTree = "<group>";
		};
		BDDF5A8E25F39D4900DF179A /* SkaudAssignmentTests */ = {
			isa = PBXGroup;
			children = (
				BDDF5A8F25F39D4900DF179A /* SkaudAssignmentTests.swift */,
				BDDF5A9125F39D4900DF179A /* Info.plist */,
			);
			path = SkaudAssignmentTests;
			sourceTree = "<group>";
		};
		BDDF5A9A25F3A1C200DF179A /* Controller */ = {
			isa = PBXGroup;
			children = (
				BD181D0925F4D37B00F07101 /* Extensions */,
				BDDF5A9B25F3A1F200DF179A /* SearchViewController.swift */,
				BD181CB925F4982300F07101 /* ImagesViewController.swift */,
				BD181D1C25F63BD800F07101 /* ImagePreviewViewController.swift */,
			);
			path = Controller;
			sourceTree = "<group>";
		};
		BDDF5A9D25F3A20600DF179A /* Model */ = {
			isa = PBXGroup;
			children = (
				BD181CBB25F4A8BD00F07101 /* ImageResponse.swift */,
				BD181D0725F4D1F300F07101 /* QueryRequest.swift */,
				BD181D2025F646B500F07101 /* QueryRequestById.swift */,
			);
			path = Model;
			sourceTree = "<group>";
		};
		BDDF5A9E25F3B88000DF179A /* HttpUtility */ = {
			isa = PBXGroup;
			children = (
				BDDF5A9F25F3B8A700DF179A /* HttpUtility.swift */,
			);
			path = HttpUtility;
			sourceTree = "<group>";
		};
		BDDF5AA225F3B94800DF179A /* Constant */ = {
			isa = PBXGroup;
			children = (
				BDDF5AA325F3B96500DF179A /* Endpoints.swift */,
				BD181D0E25F5F4F400F07101 /* UserDefaultKeys.swift */,
				BD181D1025F5F52E00F07101 /* Identifiers.swift */,
			);
			path = Constant;
			sourceTree = "<group>";
		};
/* End PBXGroup section */

/* Begin PBXNativeTarget section */
		BDDF5A7125F39D4700DF179A /* SkaudAssignment */ = {
			isa = PBXNativeTarget;
			buildConfigurationList = BDDF5A9425F39D4900DF179A /* Build configuration list for PBXNativeTarget "SkaudAssignment" */;
			buildPhases = (
				B554B19A306D198344E24A6D /* [CP] Check Pods Manifest.lock */,
				BDDF5A6E25F39D4700DF179A /* Sources */,
				BDDF5A6F25F39D4700DF179A /* Frameworks */,
				BDDF5A7025F39D4700DF179A /* Resources */,
				16CE901BF7021B6D72CAF4B2 /* [CP] Embed Pods Frameworks */,
			);
			buildRules = (
			);
			dependencies = (
			);
			name = SkaudAssignment;
			productName = SkaudAssignment;
			productReference = BDDF5A7225F39D4700DF179A /* SkaudAssignment.app */;
			productType = "com.apple.product-type.application";
		};
		BDDF5A8A25F39D4900DF179A /* SkaudAssignmentTests */ = {
			isa = PBXNativeTarget;
			buildConfigurationList = BDDF5A9725F39D4900DF179A /* Build configuration list for PBXNativeTarget "SkaudAssignmentTests" */;
			buildPhases = (
				E9930FCE0E2208D18E08327A /* [CP] Check Pods Manifest.lock */,
				BDDF5A8725F39D4900DF179A /* Sources */,
				BDDF5A8825F39D4900DF179A /* Frameworks */,
				BDDF5A8925F39D4900DF179A /* Resources */,
			);
			buildRules = (
			);
			dependencies = (
				BDDF5A8D25F39D4900DF179A /* PBXTargetDependency */,
			);
			name = SkaudAssignmentTests;
			productName = SkaudAssignmentTests;
			productReference = BDDF5A8B25F39D4900DF179A /* SkaudAssignmentTests.xctest */;
			productType = "com.apple.product-type.bundle.unit-test";
		};
/* End PBXNativeTarget section */

/* Begin PBXProject section */
		BDDF5A6A25F39D4700DF179A /* Project object */ = {
			isa = PBXProject;
			attributes = {
				LastSwiftUpdateCheck = 1130;
				LastUpgradeCheck = 1130;
				ORGANIZATIONNAME = "Manish Sharma";
				TargetAttributes = {
					BDDF5A7125F39D4700DF179A = {
						CreatedOnToolsVersion = 11.3;
					};
					BDDF5A8A25F39D4900DF179A = {
						CreatedOnToolsVersion = 11.3;
						TestTargetID = BDDF5A7125F39D4700DF179A;
					};
				};
			};
			buildConfigurationList = BDDF5A6D25F39D4700DF179A /* Build configuration list for PBXProject "SkaudAssignment" */;
			compatibilityVersion = "Xcode 9.3";
			developmentRegion = en;
			hasScannedForEncodings = 0;
			knownRegions = (
				en,
				Base,
			);
			mainGroup = BDDF5A6925F39D4700DF179A;
			productRefGroup = BDDF5A7325F39D4700DF179A /* Products */;
			projectDirPath = "";
			projectRoot = "";
			targets = (
				BDDF5A7125F39D4700DF179A /* SkaudAssignment */,
				BDDF5A8A25F39D4900DF179A /* SkaudAssignmentTests */,
			);
		};
/* End PBXProject section */

/* Begin PBXResourcesBuildPhase section */
		BDDF5A7025F39D4700DF179A /* Resources */ = {
			isa = PBXResourcesBuildPhase;
			buildActionMask = 2147483647;
			files = (
				BDDF5A8525F39D4800DF179A /* LaunchScreen.storyboard in Resources */,
				BDDF5A8225F39D4800DF179A /* Assets.xcassets in Resources */,
				BD110BAD25F752F700FA977B /* ActivityLoaderCV.xib in Resources */,
				BDDF5A7D25F39D4700DF179A /* Main.storyboard in Resources */,
			);
			runOnlyForDeploymentPostprocessing = 0;
		};
		BDDF5A8925F39D4900DF179A /* Resources */ = {
			isa = PBXResourcesBuildPhase;
			buildActionMask = 2147483647;
			files = (
			);
			runOnlyForDeploymentPostprocessing = 0;
		};
/* End PBXResourcesBuildPhase section */

/* Begin PBXShellScriptBuildPhase section */
		16CE901BF7021B6D72CAF4B2 /* [CP] Embed Pods Frameworks */ = {
			isa = PBXShellScriptBuildPhase;
			buildActionMask = 2147483647;
			files = (
			);
			inputFileListPaths = (
				"${PODS_ROOT}/Target Support Files/Pods-SkaudAssignment/Pods-SkaudAssignment-frameworks-${CONFIGURATION}-input-files.xcfilelist",
			);
			name = "[CP] Embed Pods Frameworks";
			outputFileListPaths = (
				"${PODS_ROOT}/Target Support Files/Pods-SkaudAssignment/Pods-SkaudAssignment-frameworks-${CONFIGURATION}-output-files.xcfilelist",
			);
			runOnlyForDeploymentPostprocessing = 0;
			shellPath = /bin/sh;
			shellScript = "\"${PODS_ROOT}/Target Support Files/Pods-SkaudAssignment/Pods-SkaudAssignment-frameworks.sh\"\n";
			showEnvVarsInLog = 0;
		};
		B554B19A306D198344E24A6D /* [CP] Check Pods Manifest.lock */ = {
			isa = PBXShellScriptBuildPhase;
			buildActionMask = 2147483647;
			files = (
			);
			inputFileListPaths = (
			);
			inputPaths = (
				"${PODS_PODFILE_DIR_PATH}/Podfile.lock",
				"${PODS_ROOT}/Manifest.lock",
			);
			name = "[CP] Check Pods Manifest.lock";
			outputFileListPaths = (
			);
			outputPaths = (
				"$(DERIVED_FILE_DIR)/Pods-SkaudAssignment-checkManifestLockResult.txt",
			);
			runOnlyForDeploymentPostprocessing = 0;
			shellPath = /bin/sh;
			shellScript = "diff \"${PODS_PODFILE_DIR_PATH}/Podfile.lock\" \"${PODS_ROOT}/Manifest.lock\" > /dev/null\nif [ $? != 0 ] ; then\n    # print error to STDERR\n    echo \"error: The sandbox is not in sync with the Podfile.lock. Run 'pod install' or update your CocoaPods installation.\" >&2\n    exit 1\nfi\n# This output is used by Xcode 'outputs' to avoid re-running this script phase.\necho \"SUCCESS\" > \"${SCRIPT_OUTPUT_FILE_0}\"\n";
			showEnvVarsInLog = 0;
		};
		E9930FCE0E2208D18E08327A /* [CP] Check Pods Manifest.lock */ = {
			isa = PBXShellScriptBuildPhase;
			buildActionMask = 2147483647;
			files = (
			);
			inputFileListPaths = (
			);
			inputPaths = (
				"${PODS_PODFILE_DIR_PATH}/Podfile.lock",
				"${PODS_ROOT}/Manifest.lock",
			);
			name = "[CP] Check Pods Manifest.lock";
			outputFileListPaths = (
			);
			outputPaths = (
				"$(DERIVED_FILE_DIR)/Pods-SkaudAssignmentTests-checkManifestLockResult.txt",
			);
			runOnlyForDeploymentPostprocessing = 0;
			shellPath = /bin/sh;
			shellScript = "diff \"${PODS_PODFILE_DIR_PATH}/Podfile.lock\" \"${PODS_ROOT}/Manifest.lock\" > /dev/null\nif [ $? != 0 ] ; then\n    # print error to STDERR\n    echo \"error: The sandbox is not in sync with the Podfile.lock. Run 'pod install' or update your CocoaPods installation.\" >&2\n    exit 1\nfi\n# This output is used by Xcode 'outputs' to avoid re-running this script phase.\necho \"SUCCESS\" > \"${SCRIPT_OUTPUT_FILE_0}\"\n";
			showEnvVarsInLog = 0;
		};
/* End PBXShellScriptBuildPhase section */

/* Begin PBXSourcesBuildPhase section */
		BDDF5A6E25F39D4700DF179A /* Sources */ = {
			isa = PBXSourcesBuildPhase;
			buildActionMask = 2147483647;
			files = (
				BD181D0825F4D1F300F07101 /* QueryRequest.swift in Sources */,
				BD110BB025F795BA00FA977B /* ImagePreviewViewController+Extenions.swift in Sources */,
				BD181D0D25F5F0B200F07101 /* Array+Extensions.swift in Sources */,
				BD181CBA25F4982300F07101 /* ImagesViewController.swift in Sources */,
				BDDF5AA025F3B8A700DF179A /* HttpUtility.swift in Sources */,
				BD181D1D25F63BD800F07101 /* ImagePreviewViewController.swift in Sources */,
				BDDF5A9C25F3A1F200DF179A /* SearchViewController.swift in Sources */,
				BD181D1F25F643D400F07101 /* ImagePreviewCell.swift in Sources */,
				BD181D1625F616F700F07101 /* ImageCell.swift in Sources */,
				BDDF5AA425F3B96500DF179A /* Endpoints.swift in Sources */,
				BDDF5A7625F39D4700DF179A /* AppDelegate.swift in Sources */,
				BD181D0B25F4D39600F07101 /* SearchViewController+Extensions.swift in Sources */,
				BD181D0F25F5F4F400F07101 /* UserDefaultKeys.swift in Sources */,
				BD181D1325F6139D00F07101 /* ImagesViewController+Extensions.swift in Sources */,
				BD181CBC25F4A8BD00F07101 /* ImageResponse.swift in Sources */,
				BD110BAE25F752F700FA977B /* ActivityLoaderCV.swift in Sources */,
				BD181D1125F5F52E00F07101 /* Identifiers.swift in Sources */,
				BD181D2125F646B500F07101 /* QueryRequestById.swift in Sources */,
				BD181D0625F4CF3300F07101 /* ImageResources.swift in Sources */,
			);
			runOnlyForDeploymentPostprocessing = 0;
		};
		BDDF5A8725F39D4900DF179A /* Sources */ = {
			isa = PBXSourcesBuildPhase;
			buildActionMask = 2147483647;
			files = (
				BDDF5AA125F3B8A700DF179A /* HttpUtility.swift in Sources */,
				BDDF5A9025F39D4900DF179A /* SkaudAssignmentTests.swift in Sources */,
			);
			runOnlyForDeploymentPostprocessing = 0;
		};
/* End PBXSourcesBuildPhase section */

/* Begin PBXTargetDependency section */
		BDDF5A8D25F39D4900DF179A /* PBXTargetDependency */ = {
			isa = PBXTargetDependency;
			target = BDDF5A7125F39D4700DF179A /* SkaudAssignment */;
			targetProxy = BDDF5A8C25F39D4900DF179A /* PBXContainerItemProxy */;
		};
/* End PBXTargetDependency section */

/* Begin PBXVariantGroup section */
		BDDF5A7B25F39D4700DF179A /* Main.storyboard */ = {
			isa = PBXVariantGroup;
			children = (
				BDDF5A7C25F39D4700DF179A /* Base */,
			);
			name = Main.storyboard;
			sourceTree = "<group>";
		};
		BDDF5A8325F39D4800DF179A /* LaunchScreen.storyboard */ = {
			isa = PBXVariantGroup;
			children = (
				BDDF5A8425F39D4800DF179A /* Base */,
			);
			name = LaunchScreen.storyboard;
			sourceTree = "<group>";
		};
/* End PBXVariantGroup section */

/* Begin XCBuildConfiguration section */
		BDDF5A9225F39D4900DF179A /* Debug */ = {
			isa = XCBuildConfiguration;
			buildSettings = {
				ALWAYS_SEARCH_USER_PATHS = NO;
				CLANG_ANALYZER_NONNULL = YES;
				CLANG_ANALYZER_NUMBER_OBJECT_CONVERSION = YES_AGGRESSIVE;
				CLANG_CXX_LANGUAGE_STANDARD = "gnu++14";
				CLANG_CXX_LIBRARY = "libc++";
				CLANG_ENABLE_MODULES = YES;
				CLANG_ENABLE_OBJC_ARC = YES;
				CLANG_ENABLE_OBJC_WEAK = YES;
				CLANG_WARN_BLOCK_CAPTURE_AUTORELEASING = YES;
				CLANG_WARN_BOOL_CONVERSION = YES;
				CLANG_WARN_COMMA = YES;
				CLANG_WARN_CONSTANT_CONVERSION = YES;
				CLANG_WARN_DEPRECATED_OBJC_IMPLEMENTATIONS = YES;
				CLANG_WARN_DIRECT_OBJC_ISA_USAGE = YES_ERROR;
				CLANG_WARN_DOCUMENTATION_COMMENTS = YES;
				CLANG_WARN_EMPTY_BODY = YES;
				CLANG_WARN_ENUM_CONVERSION = YES;
				CLANG_WARN_INFINITE_RECURSION = YES;
				CLANG_WARN_INT_CONVERSION = YES;
				CLANG_WARN_NON_LITERAL_NULL_CONVERSION = YES;
				CLANG_WARN_OBJC_IMPLICIT_RETAIN_SELF = YES;
				CLANG_WARN_OBJC_LITERAL_CONVERSION = YES;
				CLANG_WARN_OBJC_ROOT_CLASS = YES_ERROR;
				CLANG_WARN_RANGE_LOOP_ANALYSIS = YES;
				CLANG_WARN_STRICT_PROTOTYPES = YES;
				CLANG_WARN_SUSPICIOUS_MOVE = YES;
				CLANG_WARN_UNGUARDED_AVAILABILITY = YES_AGGRESSIVE;
				CLANG_WARN_UNREACHABLE_CODE = YES;
				CLANG_WARN__DUPLICATE_METHOD_MATCH = YES;
				COPY_PHASE_STRIP = NO;
				DEBUG_INFORMATION_FORMAT = dwarf;
				ENABLE_STRICT_OBJC_MSGSEND = YES;
				ENABLE_TESTABILITY = YES;
				GCC_C_LANGUAGE_STANDARD = gnu11;
				GCC_DYNAMIC_NO_PIC = NO;
				GCC_NO_COMMON_BLOCKS = YES;
				GCC_OPTIMIZATION_LEVEL = 0;
				GCC_PREPROCESSOR_DEFINITIONS = (
					"DEBUG=1",
					"$(inherited)",
				);
				GCC_WARN_64_TO_32_BIT_CONVERSION = YES;
				GCC_WARN_ABOUT_RETURN_TYPE = YES_ERROR;
				GCC_WARN_UNDECLARED_SELECTOR = YES;
				GCC_WARN_UNINITIALIZED_AUTOS = YES_AGGRESSIVE;
				GCC_WARN_UNUSED_FUNCTION = YES;
				GCC_WARN_UNUSED_VARIABLE = YES;
				IPHONEOS_DEPLOYMENT_TARGET = 13.2;
				MTL_ENABLE_DEBUG_INFO = INCLUDE_SOURCE;
				MTL_FAST_MATH = YES;
				ONLY_ACTIVE_ARCH = YES;
				SDKROOT = iphoneos;
				SWIFT_ACTIVE_COMPILATION_CONDITIONS = DEBUG;
				SWIFT_OPTIMIZATION_LEVEL = "-Onone";
			};
			name = Debug;
		};
		BDDF5A9325F39D4900DF179A /* Release */ = {
			isa = XCBuildConfiguration;
			buildSettings = {
				ALWAYS_SEARCH_USER_PATHS = NO;
				CLANG_ANALYZER_NONNULL = YES;
				CLANG_ANALYZER_NUMBER_OBJECT_CONVERSION = YES_AGGRESSIVE;
				CLANG_CXX_LANGUAGE_STANDARD = "gnu++14";
				CLANG_CXX_LIBRARY = "libc++";
				CLANG_ENABLE_MODULES = YES;
				CLANG_ENABLE_OBJC_ARC = YES;
				CLANG_ENABLE_OBJC_WEAK = YES;
				CLANG_WARN_BLOCK_CAPTURE_AUTORELEASING = YES;
				CLANG_WARN_BOOL_CONVERSION = YES;
				CLANG_WARN_COMMA = YES;
				CLANG_WARN_CONSTANT_CONVERSION = YES;
				CLANG_WARN_DEPRECATED_OBJC_IMPLEMENTATIONS = YES;
				CLANG_WARN_DIRECT_OBJC_ISA_USAGE = YES_ERROR;
				CLANG_WARN_DOCUMENTATION_COMMENTS = YES;
				CLANG_WARN_EMPTY_BODY = YES;
				CLANG_WARN_ENUM_CONVERSION = YES;
				CLANG_WARN_INFINITE_RECURSION = YES;
				CLANG_WARN_INT_CONVERSION = YES;
				CLANG_WARN_NON_LITERAL_NULL_CONVERSION = YES;
				CLANG_WARN_OBJC_IMPLICIT_RETAIN_SELF = YES;
				CLANG_WARN_OBJC_LITERAL_CONVERSION = YES;
				CLANG_WARN_OBJC_ROOT_CLASS = YES_ERROR;
				CLANG_WARN_RANGE_LOOP_ANALYSIS = YES;
				CLANG_WARN_STRICT_PROTOTYPES = YES;
				CLANG_WARN_SUSPICIOUS_MOVE = YES;
				CLANG_WARN_UNGUARDED_AVAILABILITY = YES_AGGRESSIVE;
				CLANG_WARN_UNREACHABLE_CODE = YES;
				CLANG_WARN__DUPLICATE_METHOD_MATCH = YES;
				COPY_PHASE_STRIP = NO;
				DEBUG_INFORMATION_FORMAT = "dwarf-with-dsym";
				ENABLE_NS_ASSERTIONS = NO;
				ENABLE_STRICT_OBJC_MSGSEND = YES;
				GCC_C_LANGUAGE_STANDARD = gnu11;
				GCC_NO_COMMON_BLOCKS = YES;
				GCC_WARN_64_TO_32_BIT_CONVERSION = YES;
				GCC_WARN_ABOUT_RETURN_TYPE = YES_ERROR;
				GCC_WARN_UNDECLARED_SELECTOR = YES;
				GCC_WARN_UNINITIALIZED_AUTOS = YES_AGGRESSIVE;
				GCC_WARN_UNUSED_FUNCTION = YES;
				GCC_WARN_UNUSED_VARIABLE = YES;
				IPHONEOS_DEPLOYMENT_TARGET = 13.2;
				MTL_ENABLE_DEBUG_INFO = NO;
				MTL_FAST_MATH = YES;
				SDKROOT = iphoneos;
				SWIFT_COMPILATION_MODE = wholemodule;
				SWIFT_OPTIMIZATION_LEVEL = "-O";
				VALIDATE_PRODUCT = YES;
			};
			name = Release;
		};
		BDDF5A9525F39D4900DF179A /* Debug */ = {
			isa = XCBuildConfiguration;
			baseConfigurationReference = 27A286B67B11340B21AE5DF3 /* Pods-SkaudAssignment.debug.xcconfig */;
			buildSettings = {
				ASSETCATALOG_COMPILER_APPICON_NAME = AppIcon;
				CODE_SIGN_STYLE = Automatic;
				INFOPLIST_FILE = SkaudAssignment/Info.plist;
				LD_RUNPATH_SEARCH_PATHS = (
					"$(inherited)",
					"@executable_path/Frameworks",
				);
				PRODUCT_BUNDLE_IDENTIFIER = com.manish.SkaudAssignment;
				PRODUCT_NAME = "$(TARGET_NAME)";
				SWIFT_VERSION = 5.0;
				TARGETED_DEVICE_FAMILY = "1,2";
			};
			name = Debug;
		};
		BDDF5A9625F39D4900DF179A /* Release */ = {
			isa = XCBuildConfiguration;
			baseConfigurationReference = D0082F7360813D71AF5EC751 /* Pods-SkaudAssignment.release.xcconfig */;
			buildSettings = {
				ASSETCATALOG_COMPILER_APPICON_NAME = AppIcon;
				CODE_SIGN_STYLE = Automatic;
				INFOPLIST_FILE = SkaudAssignment/Info.plist;
				LD_RUNPATH_SEARCH_PATHS = (
					"$(inherited)",
					"@executable_path/Frameworks",
				);
				PRODUCT_BUNDLE_IDENTIFIER = com.manish.SkaudAssignment;
				PRODUCT_NAME = "$(TARGET_NAME)";
				SWIFT_VERSION = 5.0;
				TARGETED_DEVICE_FAMILY = "1,2";
			};
			name = Release;
		};
		BDDF5A9825F39D4900DF179A /* Debug */ = {
			isa = XCBuildConfiguration;
			baseConfigurationReference = 8BB2C5A533AD4B91AC02F639 /* Pods-SkaudAssignmentTests.debug.xcconfig */;
			buildSettings = {
				ALWAYS_EMBED_SWIFT_STANDARD_LIBRARIES = YES;
				BUNDLE_LOADER = "$(TEST_HOST)";
				CODE_SIGN_STYLE = Automatic;
				INFOPLIST_FILE = SkaudAssignmentTests/Info.plist;
				IPHONEOS_DEPLOYMENT_TARGET = 13.2;
				LD_RUNPATH_SEARCH_PATHS = (
					"$(inherited)",
					"@executable_path/Frameworks",
					"@loader_path/Frameworks",
				);
				PRODUCT_BUNDLE_IDENTIFIER = com.manish.SkaudAssignmentTests;
				PRODUCT_NAME = "$(TARGET_NAME)";
				SWIFT_VERSION = 5.0;
				TARGETED_DEVICE_FAMILY = "1,2";
				TEST_HOST = "$(BUILT_PRODUCTS_DIR)/SkaudAssignment.app/SkaudAssignment";
			};
			name = Debug;
		};
		BDDF5A9925F39D4900DF179A /* Release */ = {
			isa = XCBuildConfiguration;
			baseConfigurationReference = F9A94405EF31A96287A1A2DD /* Pods-SkaudAssignmentTests.release.xcconfig */;
			buildSettings = {
				ALWAYS_EMBED_SWIFT_STANDARD_LIBRARIES = YES;
				BUNDLE_LOADER = "$(TEST_HOST)";
				CODE_SIGN_STYLE = Automatic;
				INFOPLIST_FILE = SkaudAssignmentTests/Info.plist;
				IPHONEOS_DEPLOYMENT_TARGET = 13.2;
				LD_RUNPATH_SEARCH_PATHS = (
					"$(inherited)",
					"@executable_path/Frameworks",
					"@loader_path/Frameworks",
				);
				PRODUCT_BUNDLE_IDENTIFIER = com.manish.SkaudAssignmentTests;
				PRODUCT_NAME = "$(TARGET_NAME)";
				SWIFT_VERSION = 5.0;
				TARGETED_DEVICE_FAMILY = "1,2";
				TEST_HOST = "$(BUILT_PRODUCTS_DIR)/SkaudAssignment.app/SkaudAssignment";
			};
			name = Release;
		};
/* End XCBuildConfiguration section */

/* Begin XCConfigurationList section */
		BDDF5A6D25F39D4700DF179A /* Build configuration list for PBXProject "SkaudAssignment" */ = {
			isa = XCConfigurationList;
			buildConfigurations = (
				BDDF5A9225F39D4900DF179A /* Debug */,
				BDDF5A9325F39D4900DF179A /* Release */,
			);
			defaultConfigurationIsVisible = 0;
			defaultConfigurationName = Release;
		};
		BDDF5A9425F39D4900DF179A /* Build configuration list for PBXNativeTarget "SkaudAssignment" */ = {
			isa = XCConfigurationList;
			buildConfigurations = (
				BDDF5A9525F39D4900DF179A /* Debug */,
				BDDF5A9625F39D4900DF179A /* Release */,
			);
			defaultConfigurationIsVisible = 0;
			defaultConfigurationName = Release;
		};
		BDDF5A9725F39D4900DF179A /* Build configuration list for PBXNativeTarget "SkaudAssignmentTests" */ = {
			isa = XCConfigurationList;
			buildConfigurations = (
				BDDF5A9825F39D4900DF179A /* Debug */,
				BDDF5A9925F39D4900DF179A /* Release */,
			);
			defaultConfigurationIsVisible = 0;
			defaultConfigurationName = Release;
		};
/* End XCConfigurationList section */
	};
	rootObject = BDDF5A6A25F39D4700DF179A /* Project object */;
}
